
Microsoft Visual Studio Solution File, Format Version 11.00
# Visual Studio 2010
Project("{FAE04EC0-301F-11D3-BF4B-00C04F79EFBC}") = "Assembly-CSharp", "Assembly-CSharp.csproj", "{09EF6385-BD2D-1CE9-33D0-0D4E26F98D7C}"
EndProject
Project("{FAE04EC0-301F-11D3-BF4B-00C04F79EFBC}") = "Assembly-CSharp-Editor", "Assembly-CSharp-Editor.csproj", "{B73CEE61-0B07-4498-BEA5-DBAF3DAA398F}"
EndProject
Global
	GlobalSection(SolutionConfigurationPlatforms) = preSolution
		Debug|Any CPU = Debug|Any CPU
		Release|Any CPU = Release|Any CPU
	EndGlobalSection
	GlobalSection(ProjectConfigurationPlatforms) = postSolution
		{09EF6385-BD2D-1CE9-33D0-0D4E26F98D7C}.Debug|Any CPU.ActiveCfg = Debug|Any CPU
		{09EF6385-BD2D-1CE9-33D0-0D4E26F98D7C}.Debug|Any CPU.Build.0 = Debug|Any CPU
		{09EF6385-BD2D-1CE9-33D0-0D4E26F98D7C}.Release|Any CPU.ActiveCfg = Release|Any CPU
		{09EF6385-BD2D-1CE9-33D0-0D4E26F98D7C}.Release|Any CPU.Build.0 = Release|Any CPU
		{B73CEE61-0B07-4498-BEA5-DBAF3DAA398F}.Debug|Any CPU.ActiveCfg = Debug|Any CPU
		{B73CEE61-0B07-4498-BEA5-DBAF3DAA398F}.Debug|Any CPU.Build.0 = Debug|Any CPU
		{B73CEE61-0B07-4498-BEA5-DBAF3DAA398F}.Release|Any CPU.ActiveCfg = Release|Any CPU
		{B73CEE61-0B07-4498-BEA5-DBAF3DAA398F}.Release|Any CPU.Build.0 = Release|Any CPU
	EndGlobalSection
	GlobalSection(SolutionProperties) = preSolution
		HideSolutionNode = FALSE
	EndGlobalSection
EndGlobal
